// !$*UTF8*$!
{
	archiveVersion = 1;
	classes = {
	};
	objectVersion = 56;
	objects = {

/* Begin PBXBuildFile section */
		C14593DB2AA2235F00730853 /* Color.swift in Sources */ = {isa = PBXBuildFile; fileRef = C14593DA2AA2235F00730853 /* Color.swift */; };
		C1A7EA8C2AA08BB300094D81 /* OnBoardingApp.swift in Sources */ = {isa = PBXBuildFile; fileRef = C1A7EA8B2AA08BB300094D81 /* OnBoardingApp.swift */; };
		C1A7EA902AA08BB500094D81 /* Assets.xcassets in Resources */ = {isa = PBXBuildFile; fileRef = C1A7EA8F2AA08BB500094D81 /* Assets.xcassets */; };
		C1A7EA932AA08BB500094D81 /* Preview Assets.xcassets in Resources */ = {isa = PBXBuildFile; fileRef = C1A7EA922AA08BB500094D81 /* Preview Assets.xcassets */; };
		C1A7EA9A2AA090D000094D81 /* OnboardingPage.swift in Sources */ = {isa = PBXBuildFile; fileRef = C1A7EA992AA090D000094D81 /* OnboardingPage.swift */; };
		C1A7EA9C2AA0910B00094D81 /* OnboardingViewModel.swift in Sources */ = {isa = PBXBuildFile; fileRef = C1A7EA9B2AA0910B00094D81 /* OnboardingViewModel.swift */; };
		C1A7EA9E2AA0912200094D81 /* OnboardingView.swift in Sources */ = {isa = PBXBuildFile; fileRef = C1A7EA9D2AA0912200094D81 /* OnboardingView.swift */; };
/* End PBXBuildFile section */

/* Begin PBXFileReference section */
		C14593DA2AA2235F00730853 /* Color.swift */ = {isa = PBXFileReference; lastKnownFileType = sourcecode.swift; path = Color.swift; sourceTree = "<group>"; };
		C1A7EA882AA08BB300094D81 /* OnBoarding.app */ = {isa = PBXFileReference; explicitFileType = wrapper.application; includeInIndex = 0; path = OnBoarding.app; sourceTree = BUILT_PRODUCTS_DIR; };
		C1A7EA8B2AA08BB300094D81 /* OnBoardingApp.swift */ = {isa = PBXFileReference; lastKnownFileType = sourcecode.swift; path = OnBoardingApp.swift; sourceTree = "<group>"; };
		C1A7EA8F2AA08BB500094D81 /* Assets.xcassets */ = {isa = PBXFileReference; lastKnownFileType = folder.assetcatalog; path = Assets.xcassets; sourceTree = "<group>"; };
		C1A7EA922AA08BB500094D81 /* Preview Assets.xcassets */ = {isa = PBXFileReference; lastKnownFileType = folder.assetcatalog; path = "Preview Assets.xcassets"; sourceTree = "<group>"; };
		C1A7EA992AA090D000094D81 /* OnboardingPage.swift */ = {isa = PBXFileReference; lastKnownFileType = sourcecode.swift; path = OnboardingPage.swift; sourceTree = "<group>"; };
		C1A7EA9B2AA0910B00094D81 /* OnboardingViewModel.swift */ = {isa = PBXFileReference; lastKnownFileType = sourcecode.swift; path = OnboardingViewModel.swift; sourceTree = "<group>"; };
		C1A7EA9D2AA0912200094D81 /* OnboardingView.swift */ = {isa = PBXFileReference; lastKnownFileType = sourcecode.swift; path = OnboardingView.swift; sourceTree = "<group>"; };
/* End PBXFileReference section */

/* Begin PBXFrameworksBuildPhase section */
		C1A7EA852AA08BB300094D81 /* Frameworks */ = {
			isa = PBXFrameworksBuildPhase;
			buildActionMask = 2147483647;
			files = (
			);
			runOnlyForDeploymentPostprocessing = 0;
		};
/* End PBXFrameworksBuildPhase section */

/* Begin PBXGroup section */
		C14593D92AA2234E00730853 /* Extension */ = {
			isa = PBXGroup;
			children = (
				C14593DA2AA2235F00730853 /* Color.swift */,
			);
			path = Extension;
			sourceTree = "<group>";
		};
		C1A7EA7F2AA08BB300094D81 = {
			isa = PBXGroup;
			children = (
				C1A7EA8A2AA08BB300094D81 /* OnBoarding */,
				C1A7EA892AA08BB300094D81 /* Products */,
			);
			sourceTree = "<group>";
		};
		C1A7EA892AA08BB300094D81 /* Products */ = {
			isa = PBXGroup;
			children = (
				C1A7EA882AA08BB300094D81 /* OnBoarding.app */,
			);
			name = Products;
			sourceTree = "<group>";
		};
		C1A7EA8A2AA08BB300094D81 /* OnBoarding */ = {
			isa = PBXGroup;
			children = (
				C14593D92AA2234E00730853 /* Extension */,
				C1A7EA8F2AA08BB500094D81 /* Assets.xcassets */,
				C1A7EAA12AA0D6C100094D81 /* Model */,
				C1A7EA8B2AA08BB300094D81 /* OnBoardingApp.swift */,
				C1A7EA912AA08BB500094D81 /* Preview Content */,
				C1A7EAA32AA0D6DB00094D81 /* View */,
				C1A7EAA22AA0D6CA00094D81 /* ViewModel */,
			);
			path = OnBoarding;
			sourceTree = "<group>";
		};
		C1A7EA912AA08BB500094D81 /* Preview Content */ = {
			isa = PBXGroup;
			children = (
				C1A7EA922AA08BB500094D81 /* Preview Assets.xcassets */,
			);
			path = "Preview Content";
			sourceTree = "<group>";
		};
		C1A7EAA12AA0D6C100094D81 /* Model */ = {
			isa = PBXGroup;
			children = (
				C1A7EA992AA090D000094D81 /* OnboardingPage.swift */,
			);
			path = Model;
			sourceTree = "<group>";
		};
		C1A7EAA22AA0D6CA00094D81 /* ViewModel */ = {
			isa = PBXGroup;
			children = (
				C1A7EA9B2AA0910B00094D81 /* OnboardingViewModel.swift */,
			);
			path = ViewModel;
			sourceTree = "<group>";
		};
		C1A7EAA32AA0D6DB00094D81 /* View */ = {
			isa = PBXGroup;
			children = (
				C1A7EA9D2AA0912200094D81 /* OnboardingView.swift */,
			);
			path = View;
			sourceTree = "<group>";
		};
/* End PBXGroup section */

/* Begin PBXNativeTarget section */
		C1A7EA872AA08BB300094D81 /* OnBoarding */ = {
			isa = PBXNativeTarget;
			buildConfigurationList = C1A7EA962AA08BB500094D81 /* Build configuration list for PBXNativeTarget "OnBoarding" */;
			buildPhases = (
				C1A7EA842AA08BB300094D81 /* Sources */,
				C1A7EA852AA08BB300094D81 /* Frameworks */,
				C1A7EA862AA08BB300094D81 /* Resources */,
			);
			buildRules = (
			);
			dependencies = (
			);
			name = OnBoarding;
			productName = OnBoarding;
			productReference = C1A7EA882AA08BB300094D81 /* OnBoarding.app */;
			productType = "com.apple.product-type.application";
		};
/* End PBXNativeTarget section */

/* Begin PBXProject section */
		C1A7EA802AA08BB300094D81 /* Project object */ = {
			isa = PBXProject;
			attributes = {
				BuildIndependentTargetsInParallel = 1;
				LastSwiftUpdateCheck = 1430;
				LastUpgradeCheck = 1430;
				TargetAttributes = {
					C1A7EA872AA08BB300094D81 = {
						CreatedOnToolsVersion = 14.3.1;
					};
				};
			};
			buildConfigurationList = C1A7EA832AA08BB300094D81 /* Build configuration list for PBXProject "OnBoarding" */;
			compatibilityVersion = "Xcode 14.0";
			developmentRegion = en;
			hasScannedForEncodings = 0;
			knownRegions = (
				en,
				Base,
			);
			mainGroup = C1A7EA7F2AA08BB300094D81;
			productRefGroup = C1A7EA892AA08BB300094D81 /* Products */;
			projectDirPath = "";
			projectRoot = "";
			targets = (
				C1A7EA872AA08BB300094D81 /* OnBoarding */,
			);
		};
/* End PBXProject section */

/* Begin PBXResourcesBuildPhase section */
		C1A7EA862AA08BB300094D81 /* Resources */ = {
			isa = PBXResourcesBuildPhase;
			buildActionMask = 2147483647;
			files = (
				C1A7EA932AA08BB500094D81 /* Preview Assets.xcassets in Resources */,
				C1A7EA902AA08BB500094D81 /* Assets.xcassets in Resources */,
			);
			runOnlyForDeploymentPostprocessing = 0;
		};
/* End PBXResourcesBuildPhase section */

/* Begin PBXSourcesBuildPhase section */
		C1A7EA842AA08BB300094D81 /* Sources */ = {
			isa = PBXSourcesBuildPhase;
			buildActionMask = 2147483647;
			files = (
				C1A7EA8C2AA08BB300094D81 /* OnBoardingApp.swift in Sources */,
				C1A7EA9A2AA090D000094D81 /* OnboardingPage.swift in Sources */,
				C1A7EA9E2AA0912200094D81 /* OnboardingView.swift in Sources */,
				C14593DB2AA2235F00730853 /* Color.swift in Sources */,
				C1A7EA9C2AA0910B00094D81 /* OnboardingViewModel.swift in Sources */,
			);
			runOnlyForDeploymentPostprocessing = 0;
		};
/* End PBXSourcesBuildPhase section */

/* Begin XCBuildConfiguration section */
		C1A7EA942AA08BB500094D81 /* Debug */ = {
			isa = XCBuildConfiguration;
			buildSettings = {
				ALWAYS_SEARCH_USER_PATHS = NO;
				CLANG_ANALYZER_NONNULL = YES;
				CLANG_ANALYZER_NUMBER_OBJECT_CONVERSION = YES_AGGRESSIVE;
				CLANG_CXX_LANGUAGE_STANDARD = "gnu++20";
				CLANG_ENABLE_MODULES = YES;
				CLANG_ENABLE_OBJC_ARC = YES;
				CLANG_ENABLE_OBJC_WEAK = YES;
				CLANG_WARN_BLOCK_CAPTURE_AUTORELEASING = YES;
				CLANG_WARN_BOOL_CONVERSION = YES;
				CLANG_WARN_COMMA = YES;
				CLANG_WARN_CONSTANT_CONVERSION = YES;
				CLANG_WARN_DEPRECATED_OBJC_IMPLEMENTATIONS = YES;
				CLANG_WARN_DIRECT_OBJC_ISA_USAGE = YES_ERROR;
				CLANG_WARN_DOCUMENTATION_COMMENTS = YES;
				CLANG_WARN_EMPTY_BODY = YES;
				CLANG_WARN_ENUM_CONVERSION = YES;
				CLANG_WARN_INFINITE_RECURSION = YES;
				CLANG_WARN_INT_CONVERSION = YES;
				CLANG_WARN_NON_LITERAL_NULL_CONVERSION = YES;
				CLANG_WARN_OBJC_IMPLICIT_RETAIN_SELF = YES;
				CLANG_WARN_OBJC_LITERAL_CONVERSION = YES;
				CLANG_WARN_OBJC_ROOT_CLASS = YES_ERROR;
				CLANG_WARN_QUOTED_INCLUDE_IN_FRAMEWORK_HEADER = YES;
				CLANG_WARN_RANGE_LOOP_ANALYSIS = YES;
				CLANG_WARN_STRICT_PROTOTYPES = YES;
				CLANG_WARN_SUSPICIOUS_MOVE = YES;
				CLANG_WARN_UNGUARDED_AVAILABILITY = YES_AGGRESSIVE;
				CLANG_WARN_UNREACHABLE_CODE = YES;
				CLANG_WARN__DUPLICATE_METHOD_MATCH = YES;
				COPY_PHASE_STRIP = NO;
				DEBUG_INFORMATION_FORMAT = dwarf;
				ENABLE_STRICT_OBJC_MSGSEND = YES;
				ENABLE_TESTABILITY = YES;
				GCC_C_LANGUAGE_STANDARD = gnu11;
				GCC_DYNAMIC_NO_PIC = NO;
				GCC_NO_COMMON_BLOCKS = YES;
				GCC_OPTIMIZATION_LEVEL = 0;
				GCC_PREPROCESSOR_DEFINITIONS = (
					"DEBUG=1",
					"$(inherited)",
				);
				GCC_WARN_64_TO_32_BIT_CONVERSION = YES;
				GCC_WARN_ABOUT_RETURN_TYPE = YES_ERROR;
				GCC_WARN_UNDECLARED_SELECTOR = YES;
				GCC_WARN_UNINITIALIZED_AUTOS = YES_AGGRESSIVE;
				GCC_WARN_UNUSED_FUNCTION = YES;
				GCC_WARN_UNUSED_VARIABLE = YES;
				IPHONEOS_DEPLOYMENT_TARGET = 16.4;
				MTL_ENABLE_DEBUG_INFO = INCLUDE_SOURCE;
				MTL_FAST_MATH = YES;
				ONLY_ACTIVE_ARCH = YES;
				SDKROOT = iphoneos;
				SWIFT_ACTIVE_COMPILATION_CONDITIONS = DEBUG;
				SWIFT_OPTIMIZATION_LEVEL = "-Onone";
			};
			name = Debug;
		};
		C1A7EA952AA08BB500094D81 /* Release */ = {
			isa = XCBuildConfiguration;
			buildSettings = {
				ALWAYS_SEARCH_USER_PATHS = NO;
				CLANG_ANALYZER_NONNULL = YES;
				CLANG_ANALYZER_NUMBER_OBJECT_CONVERSION = YES_AGGRESSIVE;
				CLANG_CXX_LANGUAGE_STANDARD = "gnu++20";
				CLANG_ENABLE_MODULES = YES;
				CLANG_ENABLE_OBJC_ARC = YES;
				CLANG_ENABLE_OBJC_WEAK = YES;
				CLANG_WARN_BLOCK_CAPTURE_AUTORELEASING = YES;
				CLANG_WARN_BOOL_CONVERSION = YES;
				CLANG_WARN_COMMA = YES;
				CLANG_WARN_CONSTANT_CONVERSION = YES;
				CLANG_WARN_DEPRECATED_OBJC_IMPLEMENTATIONS = YES;
				CLANG_WARN_DIRECT_OBJC_ISA_USAGE = YES_ERROR;
				CLANG_WARN_DOCUMENTATION_COMMENTS = YES;
				CLANG_WARN_EMPTY_BODY = YES;
				CLANG_WARN_ENUM_CONVERSION = YES;
				CLANG_WARN_INFINITE_RECURSION = YES;
				CLANG_WARN_INT_CONVERSION = YES;
				CLANG_WARN_NON_LITERAL_NULL_CONVERSION = YES;
				CLANG_WARN_OBJC_IMPLICIT_RETAIN_SELF = YES;
				CLANG_WARN_OBJC_LITERAL_CONVERSION = YES;
				CLANG_WARN_OBJC_ROOT_CLASS = YES_ERROR;
				CLANG_WARN_QUOTED_INCLUDE_IN_FRAMEWORK_HEADER = YES;
				CLANG_WARN_RANGE_LOOP_ANALYSIS = YES;
				CLANG_WARN_STRICT_PROTOTYPES = YES;
				CLANG_WARN_SUSPICIOUS_MOVE = YES;
				CLANG_WARN_UNGUARDED_AVAILABILITY = YES_AGGRESSIVE;
				CLANG_WARN_UNREACHABLE_CODE = YES;
				CLANG_WARN__DUPLICATE_METHOD_MATCH = YES;
				COPY_PHASE_STRIP = NO;
				DEBUG_INFORMATION_FORMAT = "dwarf-with-dsym";
				ENABLE_NS_ASSERTIONS = NO;
				ENABLE_STRICT_OBJC_MSGSEND = YES;
				GCC_C_LANGUAGE_STANDARD = gnu11;
				GCC_NO_COMMON_BLOCKS = YES;
				GCC_WARN_64_TO_32_BIT_CONVERSION = YES;
				GCC_WARN_ABOUT_RETURN_TYPE = YES_ERROR;
				GCC_WARN_UNDECLARED_SELECTOR = YES;
				GCC_WARN_UNINITIALIZED_AUTOS = YES_AGGRESSIVE;
				GCC_WARN_UNUSED_FUNCTION = YES;
				GCC_WARN_UNUSED_VARIABLE = YES;
				IPHONEOS_DEPLOYMENT_TARGET = 16.4;
				MTL_ENABLE_DEBUG_INFO = NO;
				MTL_FAST_MATH = YES;
				SDKROOT = iphoneos;
				SWIFT_COMPILATION_MODE = wholemodule;
				SWIFT_OPTIMIZATION_LEVEL = "-O";
				VALIDATE_PRODUCT = YES;
			};
			name = Release;
		};
		C1A7EA972AA08BB500094D81 /* Debug */ = {
			isa = XCBuildConfiguration;
			buildSettings = {
				ASSETCATALOG_COMPILER_APPICON_NAME = AppIcon;
				ASSETCATALOG_COMPILER_GLOBAL_ACCENT_COLOR_NAME = AccentColor;
				CODE_SIGN_STYLE = Automatic;
				CURRENT_PROJECT_VERSION = 1;
				DEVELOPMENT_ASSET_PATHS = "\"OnBoarding/Preview Content\"";
				DEVELOPMENT_TEAM = V6B6JF666R;
				ENABLE_PREVIEWS = YES;
				GENERATE_INFOPLIST_FILE = YES;
				INFOPLIST_KEY_UIApplicationSceneManifest_Generation = YES;
				INFOPLIST_KEY_UIApplicationSupportsIndirectInputEvents = YES;
				INFOPLIST_KEY_UILaunchScreen_Generation = YES;
				INFOPLIST_KEY_UISupportedInterfaceOrientations_iPad = "UIInterfaceOrientationPortrait UIInterfaceOrientationPortraitUpsideDown UIInterfaceOrientationLandscapeLeft UIInterfaceOrientationLandscapeRight";
				INFOPLIST_KEY_UISupportedInterfaceOrientations_iPhone = "UIInterfaceOrientationPortrait UIInterfaceOrientationLandscapeLeft UIInterfaceOrientationLandscapeRight";
				LD_RUNPATH_SEARCH_PATHS = (
					"$(inherited)",
					"@executable_path/Frameworks",
				);
				MARKETING_VERSION = 1.0;
				PRODUCT_BUNDLE_IDENTIFIER = com.smile.OnBoarding;
				PRODUCT_NAME = "$(TARGET_NAME)";
				SWIFT_EMIT_LOC_STRINGS = YES;
				SWIFT_VERSION = 5.0;
				TARGETED_DEVICE_FAMILY = "1,2";
			};
			name = Debug;
		};
		C1A7EA982AA08BB500094D81 /* Release */ = {
			isa = XCBuildConfiguration;
			buildSettings = {
				ASSETCATALOG_COMPILER_APPICON_NAME = AppIcon;
				ASSETCATALOG_COMPILER_GLOBAL_ACCENT_COLOR_NAME = AccentColor;
				CODE_SIGN_STYLE = Automatic;
				CURRENT_PROJECT_VERSION = 1;
				DEVELOPMENT_ASSET_PATHS = "\"OnBoarding/Preview Content\"";
				DEVELOPMENT_TEAM = V6B6JF666R;
				ENABLE_PREVIEWS = YES;
				GENERATE_INFOPLIST_FILE = YES;
				INFOPLIST_KEY_UIApplicationSceneManifest_Generation = YES;
				INFOPLIST_KEY_UIApplicationSupportsIndirectInputEvents = YES;
				INFOPLIST_KEY_UILaunchScreen_Generation = YES;
				INFOPLIST_KEY_UISupportedInterfaceOrientations_iPad = "UIInterfaceOrientationPortrait UIInterfaceOrientationPortraitUpsideDown UIInterfaceOrientationLandscapeLeft UIInterfaceOrientationLandscapeRight";
				INFOPLIST_KEY_UISupportedInterfaceOrientations_iPhone = "UIInterfaceOrientationPortrait UIInterfaceOrientationLandscapeLeft UIInterfaceOrientationLandscapeRight";
				LD_RUNPATH_SEARCH_PATHS = (
					"$(inherited)",
					"@executable_path/Frameworks",
				);
				MARKETING_VERSION = 1.0;
				PRODUCT_BUNDLE_IDENTIFIER = com.smile.OnBoarding;
				PRODUCT_NAME = "$(TARGET_NAME)";
				SWIFT_EMIT_LOC_STRINGS = YES;
				SWIFT_VERSION = 5.0;
				TARGETED_DEVICE_FAMILY = "1,2";
			};
			name = Release;
		};
/* End XCBuildConfiguration section */

/* Begin XCConfigurationList section */
		C1A7EA832AA08BB300094D81 /* Build configuration list for PBXProject "OnBoarding" */ = {
			isa = XCConfigurationList;
			buildConfigurations = (
				C1A7EA942AA08BB500094D81 /* Debug */,
				C1A7EA952AA08BB500094D81 /* Release */,
			);
			defaultConfigurationIsVisible = 0;
			defaultConfigurationName = Release;
		};
		C1A7EA962AA08BB500094D81 /* Build configuration list for PBXNativeTarget "OnBoarding" */ = {
			isa = XCConfigurationList;
			buildConfigurations = (
				C1A7EA972AA08BB500094D81 /* Debug */,
				C1A7EA982AA08BB500094D81 /* Release */,
			);
			defaultConfigurationIsVisible = 0;
			defaultConfigurationName = Release;
		};
/* End XCConfigurationList section */
	};
	rootObject = C1A7EA802AA08BB300094D81 /* Project object */;
}
